
Microsoft Visual Studio Solution File, Format Version 12.00
# Visual Studio Version 16
VisualStudioVersion = 16.0.810.8
MinimumVisualStudioVersion = 10.0.40219.1
Project("{FAE04EC0-301F-11D3-BF4B-00C04F79EFBC}") = "assignment1", "assignment1\assignment1.csproj", "{37E298F1-ABEC-4FF4-A9A1-0081A68A2002}"
EndProject
Global
	GlobalSection(SolutionConfigurationPlatforms) = preSolution
		Debug|Any CPU = Debug|Any CPU
		Release|Any CPU = Release|Any CPU
	EndGlobalSection
	GlobalSection(ProjectConfigurationPlatforms) = postSolution
		{37E298F1-ABEC-4FF4-A9A1-0081A68A2002}.Debug|Any CPU.ActiveCfg = Debug|Any CPU
		{37E298F1-ABEC-4FF4-A9A1-0081A68A2002}.Debug|Any CPU.Build.0 = Debug|Any CPU
		{37E298F1-ABEC-4FF4-A9A1-0081A68A2002}.Release|Any CPU.ActiveCfg = Release|Any CPU
		{37E298F1-ABEC-4FF4-A9A1-0081A68A2002}.Release|Any CPU.Build.0 = Release|Any CPU
	EndGlobalSection
	GlobalSection(SolutionProperties) = preSolution
		HideSolutionNode = FALSE
	EndGlobalSection
	GlobalSection(ExtensibilityGlobals) = postSolution
		SolutionGuid = {B0282850-63F9-4825-97F5-F143397F1279}
	EndGlobalSection
EndGlobal
